// !$*UTF8*$!
{
	archiveVersion = 1;
	classes = {
	};
	objectVersion = 46;
	objects = {

/* Begin PBXBuildFile section */
		FF5C47541B10D2DE008AAFE2 /* main.m in Sources */ = {isa = PBXBuildFile; fileRef = FF5C47531B10D2DE008AAFE2 /* main.m */; };
		FF5C477D1B10D407008AAFE2 /* CodechefTests.m in Sources */ = {isa = PBXBuildFile; fileRef = FF5C477C1B10D407008AAFE2 /* CodechefTests.m */; };
		FF5C47831B10D54B008AAFE2 /* AmbiguousPermutations.m in Sources */ = {isa = PBXBuildFile; fileRef = FF5C47821B10D54B008AAFE2 /* AmbiguousPermutations.m */; };
		FF5C47841B10D54B008AAFE2 /* AmbiguousPermutations.m in Sources */ = {isa = PBXBuildFile; fileRef = FF5C47821B10D54B008AAFE2 /* AmbiguousPermutations.m */; };
/* End PBXBuildFile section */

/* Begin PBXCopyFilesBuildPhase section */
		FF5C474E1B10D2DE008AAFE2 /* CopyFiles */ = {
			isa = PBXCopyFilesBuildPhase;
			buildActionMask = 2147483647;
			dstPath = /usr/share/man/man1/;
			dstSubfolderSpec = 0;
			files = (
			);
			runOnlyForDeploymentPostprocessing = 1;
		};
/* End PBXCopyFilesBuildPhase section */

/* Begin PBXFileReference section */
		FF5C47501B10D2DE008AAFE2 /* codechef */ = {isa = PBXFileReference; explicitFileType = "compiled.mach-o.executable"; includeInIndex = 0; path = codechef; sourceTree = BUILT_PRODUCTS_DIR; };
		FF5C47531B10D2DE008AAFE2 /* main.m */ = {isa = PBXFileReference; lastKnownFileType = sourcecode.c.objc; path = main.m; sourceTree = "<group>"; };
		FF5C47781B10D407008AAFE2 /* CodechefTests.xctest */ = {isa = PBXFileReference; explicitFileType = wrapper.cfbundle; includeInIndex = 0; path = CodechefTests.xctest; sourceTree = BUILT_PRODUCTS_DIR; };
		FF5C477B1B10D407008AAFE2 /* Info.plist */ = {isa = PBXFileReference; lastKnownFileType = text.plist.xml; path = Info.plist; sourceTree = "<group>"; };
		FF5C477C1B10D407008AAFE2 /* CodechefTests.m */ = {isa = PBXFileReference; lastKnownFileType = sourcecode.c.objc; path = CodechefTests.m; sourceTree = "<group>"; };
		FF5C47811B10D54B008AAFE2 /* AmbiguousPermutations.h */ = {isa = PBXFileReference; fileEncoding = 4; lastKnownFileType = sourcecode.c.h; path = AmbiguousPermutations.h; sourceTree = "<group>"; };
		FF5C47821B10D54B008AAFE2 /* AmbiguousPermutations.m */ = {isa = PBXFileReference; fileEncoding = 4; lastKnownFileType = sourcecode.c.objc; path = AmbiguousPermutations.m; sourceTree = "<group>"; };
/* End PBXFileReference section */

/* Begin PBXFrameworksBuildPhase section */
		FF5C474D1B10D2DE008AAFE2 /* Frameworks */ = {
			isa = PBXFrameworksBuildPhase;
			buildActionMask = 2147483647;
			files = (
			);
			runOnlyForDeploymentPostprocessing = 0;
		};
		FF5C47751B10D407008AAFE2 /* Frameworks */ = {
			isa = PBXFrameworksBuildPhase;
			buildActionMask = 2147483647;
			files = (
			);
			runOnlyForDeploymentPostprocessing = 0;
		};
/* End PBXFrameworksBuildPhase section */

/* Begin PBXGroup section */
		FF5C47471B10D2DE008AAFE2 = {
			isa = PBXGroup;
			children = (
				FF5C47521B10D2DE008AAFE2 /* codechef */,
				FF5C47791B10D407008AAFE2 /* CodechefTests */,
				FF5C47511B10D2DE008AAFE2 /* Products */,
			);
			sourceTree = "<group>";
		};
		FF5C47511B10D2DE008AAFE2 /* Products */ = {
			isa = PBXGroup;
			children = (
				FF5C47501B10D2DE008AAFE2 /* codechef */,
				FF5C47781B10D407008AAFE2 /* CodechefTests.xctest */,
			);
			name = Products;
			sourceTree = "<group>";
		};
		FF5C47521B10D2DE008AAFE2 /* codechef */ = {
			isa = PBXGroup;
			children = (
				FF5C47531B10D2DE008AAFE2 /* main.m */,
				FF5C47811B10D54B008AAFE2 /* AmbiguousPermutations.h */,
				FF5C47821B10D54B008AAFE2 /* AmbiguousPermutations.m */,
			);
			path = codechef;
			sourceTree = "<group>";
		};
		FF5C47791B10D407008AAFE2 /* CodechefTests */ = {
			isa = PBXGroup;
			children = (
				FF5C477C1B10D407008AAFE2 /* CodechefTests.m */,
				FF5C477A1B10D407008AAFE2 /* Supporting Files */,
			);
			path = CodechefTests;
			sourceTree = "<group>";
		};
		FF5C477A1B10D407008AAFE2 /* Supporting Files */ = {
			isa = PBXGroup;
			children = (
				FF5C477B1B10D407008AAFE2 /* Info.plist */,
			);
			name = "Supporting Files";
			sourceTree = "<group>";
		};
/* End PBXGroup section */

/* Begin PBXNativeTarget section */
		FF5C474F1B10D2DE008AAFE2 /* codechef */ = {
			isa = PBXNativeTarget;
			buildConfigurationList = FF5C47571B10D2DE008AAFE2 /* Build configuration list for PBXNativeTarget "codechef" */;
			buildPhases = (
				FF5C474C1B10D2DE008AAFE2 /* Sources */,
				FF5C474D1B10D2DE008AAFE2 /* Frameworks */,
				FF5C474E1B10D2DE008AAFE2 /* CopyFiles */,
			);
			buildRules = (
			);
			dependencies = (
			);
			name = codechef;
			productName = codechef;
			productReference = FF5C47501B10D2DE008AAFE2 /* codechef */;
			productType = "com.apple.product-type.tool";
		};
		FF5C47771B10D407008AAFE2 /* CodechefTests */ = {
			isa = PBXNativeTarget;
			buildConfigurationList = FF5C477E1B10D407008AAFE2 /* Build configuration list for PBXNativeTarget "CodechefTests" */;
			buildPhases = (
				FF5C47741B10D407008AAFE2 /* Sources */,
				FF5C47751B10D407008AAFE2 /* Frameworks */,
				FF5C47761B10D407008AAFE2 /* Resources */,
			);
			buildRules = (
			);
			dependencies = (
			);
			name = CodechefTests;
			productName = CodechefTests;
			productReference = FF5C47781B10D407008AAFE2 /* CodechefTests.xctest */;
			productType = "com.apple.product-type.bundle.unit-test";
		};
/* End PBXNativeTarget section */

/* Begin PBXProject section */
		FF5C47481B10D2DE008AAFE2 /* Project object */ = {
			isa = PBXProject;
			attributes = {
				LastUpgradeCheck = 0630;
				ORGANIZATIONNAME = Max;
				TargetAttributes = {
					FF5C474F1B10D2DE008AAFE2 = {
						CreatedOnToolsVersion = 6.3.2;
					};
					FF5C47771B10D407008AAFE2 = {
						CreatedOnToolsVersion = 6.3.2;
					};
				};
			};
			buildConfigurationList = FF5C474B1B10D2DE008AAFE2 /* Build configuration list for PBXProject "codechef" */;
			compatibilityVersion = "Xcode 3.2";
			developmentRegion = English;
			hasScannedForEncodings = 0;
			knownRegions = (
				en,
			);
			mainGroup = FF5C47471B10D2DE008AAFE2;
			productRefGroup = FF5C47511B10D2DE008AAFE2 /* Products */;
			projectDirPath = "";
			projectRoot = "";
			targets = (
				FF5C474F1B10D2DE008AAFE2 /* codechef */,
				FF5C47771B10D407008AAFE2 /* CodechefTests */,
			);
		};
/* End PBXProject section */

/* Begin PBXResourcesBuildPhase section */
		FF5C47761B10D407008AAFE2 /* Resources */ = {
			isa = PBXResourcesBuildPhase;
			buildActionMask = 2147483647;
			files = (
			);
			runOnlyForDeploymentPostprocessing = 0;
		};
/* End PBXResourcesBuildPhase section */

/* Begin PBXSourcesBuildPhase section */
		FF5C474C1B10D2DE008AAFE2 /* Sources */ = {
			isa = PBXSourcesBuildPhase;
			buildActionMask = 2147483647;
			files = (
				FF5C47541B10D2DE008AAFE2 /* main.m in Sources */,
				FF5C47831B10D54B008AAFE2 /* AmbiguousPermutations.m in Sources */,
			);
			runOnlyForDeploymentPostprocessing = 0;
		};
		FF5C47741B10D407008AAFE2 /* Sources */ = {
			isa = PBXSourcesBuildPhase;
			buildActionMask = 2147483647;
			files = (
				FF5C477D1B10D407008AAFE2 /* CodechefTests.m in Sources */,
				FF5C47841B10D54B008AAFE2 /* AmbiguousPermutations.m in Sources */,
			);
			runOnlyForDeploymentPostprocessing = 0;
		};
/* End PBXSourcesBuildPhase section */

/* Begin XCBuildConfiguration section */
		FF5C47551B10D2DE008AAFE2 /* Debug */ = {
			isa = XCBuildConfiguration;
			buildSettings = {
				ALWAYS_SEARCH_USER_PATHS = NO;
				CLANG_CXX_LANGUAGE_STANDARD = "gnu++0x";
				CLANG_CXX_LIBRARY = "libc++";
				CLANG_ENABLE_MODULES = YES;
				CLANG_ENABLE_OBJC_ARC = YES;
				CLANG_WARN_BOOL_CONVERSION = YES;
				CLANG_WARN_CONSTANT_CONVERSION = YES;
				CLANG_WARN_DIRECT_OBJC_ISA_USAGE = YES_ERROR;
				CLANG_WARN_EMPTY_BODY = YES;
				CLANG_WARN_ENUM_CONVERSION = YES;
				CLANG_WARN_INT_CONVERSION = YES;
				CLANG_WARN_OBJC_ROOT_CLASS = YES_ERROR;
				CLANG_WARN_UNREACHABLE_CODE = YES;
				CLANG_WARN__DUPLICATE_METHOD_MATCH = YES;
				COPY_PHASE_STRIP = NO;
				DEBUG_INFORMATION_FORMAT = dwarf;
				ENABLE_STRICT_OBJC_MSGSEND = YES;
				GCC_C_LANGUAGE_STANDARD = gnu99;
				GCC_DYNAMIC_NO_PIC = NO;
				GCC_NO_COMMON_BLOCKS = YES;
				GCC_OPTIMIZATION_LEVEL = 0;
				GCC_PREPROCESSOR_DEFINITIONS = (
					"DEBUG=1",
					"$(inherited)",
				);
				GCC_SYMBOLS_PRIVATE_EXTERN = NO;
				GCC_WARN_64_TO_32_BIT_CONVERSION = YES;
				GCC_WARN_ABOUT_RETURN_TYPE = YES_ERROR;
				GCC_WARN_UNDECLARED_SELECTOR = YES;
				GCC_WARN_UNINITIALIZED_AUTOS = YES_AGGRESSIVE;
				GCC_WARN_UNUSED_FUNCTION = YES;
				GCC_WARN_UNUSED_VARIABLE = YES;
				MACOSX_DEPLOYMENT_TARGET = 10.10;
				MTL_ENABLE_DEBUG_INFO = YES;
				ONLY_ACTIVE_ARCH = YES;
				SDKROOT = macosx;
			};
			name = Debug;
		};
		FF5C47561B10D2DE008AAFE2 /* Release */ = {
			isa = XCBuildConfiguration;
			buildSettings = {
				ALWAYS_SEARCH_USER_PATHS = NO;
				CLANG_CXX_LANGUAGE_STANDARD = "gnu++0x";
				CLANG_CXX_LIBRARY = "libc++";
				CLANG_ENABLE_MODULES = YES;
				CLANG_ENABLE_OBJC_ARC = YES;
				CLANG_WARN_BOOL_CONVERSION = YES;
				CLANG_WARN_CONSTANT_CONVERSION = YES;
				CLANG_WARN_DIRECT_OBJC_ISA_USAGE = YES_ERROR;
				CLANG_WARN_EMPTY_BODY = YES;
				CLANG_WARN_ENUM_CONVERSION = YES;
				CLANG_WARN_INT_CONVERSION = YES;
				CLANG_WARN_OBJC_ROOT_CLASS = YES_ERROR;
				CLANG_WARN_UNREACHABLE_CODE = YES;
				CLANG_WARN__DUPLICATE_METHOD_MATCH = YES;
				COPY_PHASE_STRIP = NO;
				DEBUG_INFORMATION_FORMAT = "dwarf-with-dsym";
				ENABLE_NS_ASSERTIONS = NO;
				ENABLE_STRICT_OBJC_MSGSEND = YES;
				GCC_C_LANGUAGE_STANDARD = gnu99;
				GCC_NO_COMMON_BLOCKS = YES;
				GCC_WARN_64_TO_32_BIT_CONVERSION = YES;
				GCC_WARN_ABOUT_RETURN_TYPE = YES_ERROR;
				GCC_WARN_UNDECLARED_SELECTOR = YES;
				GCC_WARN_UNINITIALIZED_AUTOS = YES_AGGRESSIVE;
				GCC_WARN_UNUSED_FUNCTION = YES;
				GCC_WARN_UNUSED_VARIABLE = YES;
				MACOSX_DEPLOYMENT_TARGET = 10.10;
				MTL_ENABLE_DEBUG_INFO = NO;
				SDKROOT = macosx;
			};
			name = Release;
		};
		FF5C47581B10D2DE008AAFE2 /* Debug */ = {
			isa = XCBuildConfiguration;
			buildSettings = {
				PRODUCT_NAME = "$(TARGET_NAME)";
			};
			name = Debug;
		};
		FF5C47591B10D2DE008AAFE2 /* Release */ = {
			isa = XCBuildConfiguration;
			buildSettings = {
				PRODUCT_NAME = "$(TARGET_NAME)";
			};
			name = Release;
		};
		FF5C477F1B10D407008AAFE2 /* Debug */ = {
			isa = XCBuildConfiguration;
			buildSettings = {
				COMBINE_HIDPI_IMAGES = YES;
				FRAMEWORK_SEARCH_PATHS = (
					"$(DEVELOPER_FRAMEWORKS_DIR)",
					"$(inherited)",
				);
				GCC_PREPROCESSOR_DEFINITIONS = (
					"DEBUG=1",
					"$(inherited)",
				);
				INFOPLIST_FILE = CodechefTests/Info.plist;
				LD_RUNPATH_SEARCH_PATHS = "$(inherited) @executable_path/../Frameworks @loader_path/../Frameworks";
				PRODUCT_NAME = "$(TARGET_NAME)";
			};
			name = Debug;
		};
		FF5C47801B10D407008AAFE2 /* Release */ = {
			isa = XCBuildConfiguration;
			buildSettings = {
				COMBINE_HIDPI_IMAGES = YES;
				FRAMEWORK_SEARCH_PATHS = (
					"$(DEVELOPER_FRAMEWORKS_DIR)",
					"$(inherited)",
				);
				INFOPLIST_FILE = CodechefTests/Info.plist;
				LD_RUNPATH_SEARCH_PATHS = "$(inherited) @executable_path/../Frameworks @loader_path/../Frameworks";
				PRODUCT_NAME = "$(TARGET_NAME)";
			};
			name = Release;
		};
/* End XCBuildConfiguration section */

/* Begin XCConfigurationList section */
		FF5C474B1B10D2DE008AAFE2 /* Build configuration list for PBXProject "codechef" */ = {
			isa = XCConfigurationList;
			buildConfigurations = (
				FF5C47551B10D2DE008AAFE2 /* Debug */,
				FF5C47561B10D2DE008AAFE2 /* Release */,
			);
			defaultConfigurationIsVisible = 0;
			defaultConfigurationName = Release;
		};
		FF5C47571B10D2DE008AAFE2 /* Build configuration list for PBXNativeTarget "codechef" */ = {
			isa = XCConfigurationList;
			buildConfigurations = (
				FF5C47581B10D2DE008AAFE2 /* Debug */,
				FF5C47591B10D2DE008AAFE2 /* Release */,
			);
			defaultConfigurationIsVisible = 0;
		};
		FF5C477E1B10D407008AAFE2 /* Build configuration list for PBXNativeTarget "CodechefTests" */ = {
			isa = XCConfigurationList;
			buildConfigurations = (
				FF5C477F1B10D407008AAFE2 /* Debug */,
				FF5C47801B10D407008AAFE2 /* Release */,
			);
			defaultConfigurationIsVisible = 0;
		};
/* End XCConfigurationList section */
	};
	rootObject = FF5C47481B10D2DE008AAFE2 /* Project object */;
}
