// !$*UTF8*$!
{
	archiveVersion = 1;
	classes = {
	};
	objectVersion = 46;
	objects = {

/* Begin PBXBuildFile section */
		FF43F5FF1ADE5D3500104E1C /* main.m in Sources */ = {isa = PBXBuildFile; fileRef = FF43F5FE1ADE5D3500104E1C /* main.m */; };
		FF43F6021ADE5D3500104E1C /* AppDelegate.m in Sources */ = {isa = PBXBuildFile; fileRef = FF43F6011ADE5D3500104E1C /* AppDelegate.m */; };
		FF43F6051ADE5D3500104E1C /* ViewController.m in Sources */ = {isa = PBXBuildFile; fileRef = FF43F6041ADE5D3500104E1C /* ViewController.m */; };
		FF43F6081ADE5D3500104E1C /* Main.storyboard in Resources */ = {isa = PBXBuildFile; fileRef = FF43F6061ADE5D3500104E1C /* Main.storyboard */; };
		FF43F60A1ADE5D3500104E1C /* Images.xcassets in Resources */ = {isa = PBXBuildFile; fileRef = FF43F6091ADE5D3500104E1C /* Images.xcassets */; };
		FF43F60D1ADE5D3500104E1C /* LaunchScreen.xib in Resources */ = {isa = PBXBuildFile; fileRef = FF43F60B1ADE5D3500104E1C /* LaunchScreen.xib */; };
		FF43F6191ADE5D3500104E1C /* asdfTests.m in Sources */ = {isa = PBXBuildFile; fileRef = FF43F6181ADE5D3500104E1C /* asdfTests.m */; };
/* End PBXBuildFile section */

/* Begin PBXContainerItemProxy section */
		FF43F6131ADE5D3500104E1C /* PBXContainerItemProxy */ = {
			isa = PBXContainerItemProxy;
			containerPortal = FF43F5F11ADE5D3500104E1C /* Project object */;
			proxyType = 1;
			remoteGlobalIDString = FF43F5F81ADE5D3500104E1C;
			remoteInfo = asdf;
		};
/* End PBXContainerItemProxy section */

/* Begin PBXFileReference section */
		FF43F5F91ADE5D3500104E1C /* asdf.app */ = {isa = PBXFileReference; explicitFileType = wrapper.application; includeInIndex = 0; path = asdf.app; sourceTree = BUILT_PRODUCTS_DIR; };
		FF43F5FD1ADE5D3500104E1C /* Info.plist */ = {isa = PBXFileReference; lastKnownFileType = text.plist.xml; path = Info.plist; sourceTree = "<group>"; };
		FF43F5FE1ADE5D3500104E1C /* main.m */ = {isa = PBXFileReference; lastKnownFileType = sourcecode.c.objc; path = main.m; sourceTree = "<group>"; };
		FF43F6001ADE5D3500104E1C /* AppDelegate.h */ = {isa = PBXFileReference; lastKnownFileType = sourcecode.c.h; path = AppDelegate.h; sourceTree = "<group>"; };
		FF43F6011ADE5D3500104E1C /* AppDelegate.m */ = {isa = PBXFileReference; lastKnownFileType = sourcecode.c.objc; path = AppDelegate.m; sourceTree = "<group>"; };
		FF43F6031ADE5D3500104E1C /* ViewController.h */ = {isa = PBXFileReference; lastKnownFileType = sourcecode.c.h; path = ViewController.h; sourceTree = "<group>"; };
		FF43F6041ADE5D3500104E1C /* ViewController.m */ = {isa = PBXFileReference; lastKnownFileType = sourcecode.c.objc; path = ViewController.m; sourceTree = "<group>"; };
		FF43F6071ADE5D3500104E1C /* Base */ = {isa = PBXFileReference; lastKnownFileType = file.storyboard; name = Base; path = Base.lproj/Main.storyboard; sourceTree = "<group>"; };
		FF43F6091ADE5D3500104E1C /* Images.xcassets */ = {isa = PBXFileReference; lastKnownFileType = folder.assetcatalog; path = Images.xcassets; sourceTree = "<group>"; };
		FF43F60C1ADE5D3500104E1C /* Base */ = {isa = PBXFileReference; lastKnownFileType = file.xib; name = Base; path = Base.lproj/LaunchScreen.xib; sourceTree = "<group>"; };
		FF43F6121ADE5D3500104E1C /* asdfTests.xctest */ = {isa = PBXFileReference; explicitFileType = wrapper.cfbundle; includeInIndex = 0; path = asdfTests.xctest; sourceTree = BUILT_PRODUCTS_DIR; };
		FF43F6171ADE5D3500104E1C /* Info.plist */ = {isa = PBXFileReference; lastKnownFileType = text.plist.xml; path = Info.plist; sourceTree = "<group>"; };
		FF43F6181ADE5D3500104E1C /* asdfTests.m */ = {isa = PBXFileReference; lastKnownFileType = sourcecode.c.objc; path = asdfTests.m; sourceTree = "<group>"; };
/* End PBXFileReference section */

/* Begin PBXFrameworksBuildPhase section */
		FF43F5F61ADE5D3500104E1C /* Frameworks */ = {
			isa = PBXFrameworksBuildPhase;
			buildActionMask = 2147483647;
			files = (
			);
			runOnlyForDeploymentPostprocessing = 0;
		};
		FF43F60F1ADE5D3500104E1C /* Frameworks */ = {
			isa = PBXFrameworksBuildPhase;
			buildActionMask = 2147483647;
			files = (
			);
			runOnlyForDeploymentPostprocessing = 0;
		};
/* End PBXFrameworksBuildPhase section */

/* Begin PBXGroup section */
		FF43F5F01ADE5D3500104E1C = {
			isa = PBXGroup;
			children = (
				FF43F5FB1ADE5D3500104E1C /* asdf */,
				FF43F6151ADE5D3500104E1C /* asdfTests */,
				FF43F5FA1ADE5D3500104E1C /* Products */,
			);
			sourceTree = "<group>";
		};
		FF43F5FA1ADE5D3500104E1C /* Products */ = {
			isa = PBXGroup;
			children = (
				FF43F5F91ADE5D3500104E1C /* asdf.app */,
				FF43F6121ADE5D3500104E1C /* asdfTests.xctest */,
			);
			name = Products;
			sourceTree = "<group>";
		};
		FF43F5FB1ADE5D3500104E1C /* asdf */ = {
			isa = PBXGroup;
			children = (
				FF43F6001ADE5D3500104E1C /* AppDelegate.h */,
				FF43F6011ADE5D3500104E1C /* AppDelegate.m */,
				FF43F6031ADE5D3500104E1C /* ViewController.h */,
				FF43F6041ADE5D3500104E1C /* ViewController.m */,
				FF43F6061ADE5D3500104E1C /* Main.storyboard */,
				FF43F6091ADE5D3500104E1C /* Images.xcassets */,
				FF43F60B1ADE5D3500104E1C /* LaunchScreen.xib */,
				FF43F5FC1ADE5D3500104E1C /* Supporting Files */,
			);
			path = asdf;
			sourceTree = "<group>";
		};
		FF43F5FC1ADE5D3500104E1C /* Supporting Files */ = {
			isa = PBXGroup;
			children = (
				FF43F5FD1ADE5D3500104E1C /* Info.plist */,
				FF43F5FE1ADE5D3500104E1C /* main.m */,
			);
			name = "Supporting Files";
			sourceTree = "<group>";
		};
		FF43F6151ADE5D3500104E1C /* asdfTests */ = {
			isa = PBXGroup;
			children = (
				FF43F6181ADE5D3500104E1C /* asdfTests.m */,
				FF43F6161ADE5D3500104E1C /* Supporting Files */,
			);
			path = asdfTests;
			sourceTree = "<group>";
		};
		FF43F6161ADE5D3500104E1C /* Supporting Files */ = {
			isa = PBXGroup;
			children = (
				FF43F6171ADE5D3500104E1C /* Info.plist */,
			);
			name = "Supporting Files";
			sourceTree = "<group>";
		};
/* End PBXGroup section */

/* Begin PBXNativeTarget section */
		FF43F5F81ADE5D3500104E1C /* asdf */ = {
			isa = PBXNativeTarget;
			buildConfigurationList = FF43F61C1ADE5D3500104E1C /* Build configuration list for PBXNativeTarget "asdf" */;
			buildPhases = (
				FF43F5F51ADE5D3500104E1C /* Sources */,
				FF43F5F61ADE5D3500104E1C /* Frameworks */,
				FF43F5F71ADE5D3500104E1C /* Resources */,
			);
			buildRules = (
			);
			dependencies = (
			);
			name = asdf;
			productName = asdf;
			productReference = FF43F5F91ADE5D3500104E1C /* asdf.app */;
			productType = "com.apple.product-type.application";
		};
		FF43F6111ADE5D3500104E1C /* asdfTests */ = {
			isa = PBXNativeTarget;
			buildConfigurationList = FF43F61F1ADE5D3500104E1C /* Build configuration list for PBXNativeTarget "asdfTests" */;
			buildPhases = (
				FF43F60E1ADE5D3500104E1C /* Sources */,
				FF43F60F1ADE5D3500104E1C /* Frameworks */,
				FF43F6101ADE5D3500104E1C /* Resources */,
			);
			buildRules = (
			);
			dependencies = (
				FF43F6141ADE5D3500104E1C /* PBXTargetDependency */,
			);
			name = asdfTests;
			productName = asdfTests;
			productReference = FF43F6121ADE5D3500104E1C /* asdfTests.xctest */;
			productType = "com.apple.product-type.bundle.unit-test";
		};
/* End PBXNativeTarget section */

/* Begin PBXProject section */
		FF43F5F11ADE5D3500104E1C /* Project object */ = {
			isa = PBXProject;
			attributes = {
				LastUpgradeCheck = 0620;
				ORGANIZATIONNAME = "Max";
				TargetAttributes = {
					FF43F5F81ADE5D3500104E1C = {
						CreatedOnToolsVersion = 6.2;
					};
					FF43F6111ADE5D3500104E1C = {
						CreatedOnToolsVersion = 6.2;
						TestTargetID = FF43F5F81ADE5D3500104E1C;
					};
				};
			};
			buildConfigurationList = FF43F5F41ADE5D3500104E1C /* Build configuration list for PBXProject "asdf" */;
			compatibilityVersion = "Xcode 3.2";
			developmentRegion = English;
			hasScannedForEncodings = 0;
			knownRegions = (
				en,
				Base,
			);
			mainGroup = FF43F5F01ADE5D3500104E1C;
			productRefGroup = FF43F5FA1ADE5D3500104E1C /* Products */;
			projectDirPath = "";
			projectRoot = "";
			targets = (
				FF43F5F81ADE5D3500104E1C /* asdf */,
				FF43F6111ADE5D3500104E1C /* asdfTests */,
			);
		};
/* End PBXProject section */

/* Begin PBXResourcesBuildPhase section */
		FF43F5F71ADE5D3500104E1C /* Resources */ = {
			isa = PBXResourcesBuildPhase;
			buildActionMask = 2147483647;
			files = (
				FF43F6081ADE5D3500104E1C /* Main.storyboard in Resources */,
				FF43F60D1ADE5D3500104E1C /* LaunchScreen.xib in Resources */,
				FF43F60A1ADE5D3500104E1C /* Images.xcassets in Resources */,
			);
			runOnlyForDeploymentPostprocessing = 0;
		};
		FF43F6101ADE5D3500104E1C /* Resources */ = {
			isa = PBXResourcesBuildPhase;
			buildActionMask = 2147483647;
			files = (
			);
			runOnlyForDeploymentPostprocessing = 0;
		};
/* End PBXResourcesBuildPhase section */

/* Begin PBXSourcesBuildPhase section */
		FF43F5F51ADE5D3500104E1C /* Sources */ = {
			isa = PBXSourcesBuildPhase;
			buildActionMask = 2147483647;
			files = (
				FF43F6051ADE5D3500104E1C /* ViewController.m in Sources */,
				FF43F6021ADE5D3500104E1C /* AppDelegate.m in Sources */,
				FF43F5FF1ADE5D3500104E1C /* main.m in Sources */,
			);
			runOnlyForDeploymentPostprocessing = 0;
		};
		FF43F60E1ADE5D3500104E1C /* Sources */ = {
			isa = PBXSourcesBuildPhase;
			buildActionMask = 2147483647;
			files = (
				FF43F6191ADE5D3500104E1C /* asdfTests.m in Sources */,
			);
			runOnlyForDeploymentPostprocessing = 0;
		};
/* End PBXSourcesBuildPhase section */

/* Begin PBXTargetDependency section */
		FF43F6141ADE5D3500104E1C /* PBXTargetDependency */ = {
			isa = PBXTargetDependency;
			target = FF43F5F81ADE5D3500104E1C /* asdf */;
			targetProxy = FF43F6131ADE5D3500104E1C /* PBXContainerItemProxy */;
		};
/* End PBXTargetDependency section */

/* Begin PBXVariantGroup section */
		FF43F6061ADE5D3500104E1C /* Main.storyboard */ = {
			isa = PBXVariantGroup;
			children = (
				FF43F6071ADE5D3500104E1C /* Base */,
			);
			name = Main.storyboard;
			sourceTree = "<group>";
		};
		FF43F60B1ADE5D3500104E1C /* LaunchScreen.xib */ = {
			isa = PBXVariantGroup;
			children = (
				FF43F60C1ADE5D3500104E1C /* Base */,
			);
			name = LaunchScreen.xib;
			sourceTree = "<group>";
		};
/* End PBXVariantGroup section */

/* Begin XCBuildConfiguration section */
		FF43F61A1ADE5D3500104E1C /* Debug */ = {
			isa = XCBuildConfiguration;
			buildSettings = {
				ALWAYS_SEARCH_USER_PATHS = NO;
				CLANG_CXX_LANGUAGE_STANDARD = "gnu++0x";
				CLANG_CXX_LIBRARY = "libc++";
				CLANG_ENABLE_MODULES = YES;
				CLANG_ENABLE_OBJC_ARC = YES;
				CLANG_WARN_BOOL_CONVERSION = YES;
				CLANG_WARN_CONSTANT_CONVERSION = YES;
				CLANG_WARN_DIRECT_OBJC_ISA_USAGE = YES_ERROR;
				CLANG_WARN_EMPTY_BODY = YES;
				CLANG_WARN_ENUM_CONVERSION = YES;
				CLANG_WARN_INT_CONVERSION = YES;
				CLANG_WARN_OBJC_ROOT_CLASS = YES_ERROR;
				CLANG_WARN_UNREACHABLE_CODE = YES;
				CLANG_WARN__DUPLICATE_METHOD_MATCH = YES;
				"CODE_SIGN_IDENTITY[sdk=iphoneos*]" = "iPhone Developer";
				COPY_PHASE_STRIP = NO;
				ENABLE_STRICT_OBJC_MSGSEND = YES;
				GCC_C_LANGUAGE_STANDARD = gnu99;
				GCC_DYNAMIC_NO_PIC = NO;
				GCC_OPTIMIZATION_LEVEL = 0;
				GCC_PREPROCESSOR_DEFINITIONS = (
					"DEBUG=1",
					"$(inherited)",
				);
				GCC_SYMBOLS_PRIVATE_EXTERN = NO;
				GCC_WARN_64_TO_32_BIT_CONVERSION = YES;
				GCC_WARN_ABOUT_RETURN_TYPE = YES_ERROR;
				GCC_WARN_UNDECLARED_SELECTOR = YES;
				GCC_WARN_UNINITIALIZED_AUTOS = YES_AGGRESSIVE;
				GCC_WARN_UNUSED_FUNCTION = YES;
				GCC_WARN_UNUSED_VARIABLE = YES;
				IPHONEOS_DEPLOYMENT_TARGET = 8.2;
				MTL_ENABLE_DEBUG_INFO = YES;
				ONLY_ACTIVE_ARCH = YES;
				SDKROOT = iphoneos;
				TARGETED_DEVICE_FAMILY = "1,2";
			};
			name = Debug;
		};
		FF43F61B1ADE5D3500104E1C /* Release */ = {
			isa = XCBuildConfiguration;
			buildSettings = {
				ALWAYS_SEARCH_USER_PATHS = NO;
				CLANG_CXX_LANGUAGE_STANDARD = "gnu++0x";
				CLANG_CXX_LIBRARY = "libc++";
				CLANG_ENABLE_MODULES = YES;
				CLANG_ENABLE_OBJC_ARC = YES;
				CLANG_WARN_BOOL_CONVERSION = YES;
				CLANG_WARN_CONSTANT_CONVERSION = YES;
				CLANG_WARN_DIRECT_OBJC_ISA_USAGE = YES_ERROR;
				CLANG_WARN_EMPTY_BODY = YES;
				CLANG_WARN_ENUM_CONVERSION = YES;
				CLANG_WARN_INT_CONVERSION = YES;
				CLANG_WARN_OBJC_ROOT_CLASS = YES_ERROR;
				CLANG_WARN_UNREACHABLE_CODE = YES;
				CLANG_WARN__DUPLICATE_METHOD_MATCH = YES;
				"CODE_SIGN_IDENTITY[sdk=iphoneos*]" = "iPhone Developer";
				COPY_PHASE_STRIP = NO;
				ENABLE_NS_ASSERTIONS = NO;
				ENABLE_STRICT_OBJC_MSGSEND = YES;
				GCC_C_LANGUAGE_STANDARD = gnu99;
				GCC_WARN_64_TO_32_BIT_CONVERSION = YES;
				GCC_WARN_ABOUT_RETURN_TYPE = YES_ERROR;
				GCC_WARN_UNDECLARED_SELECTOR = YES;
				GCC_WARN_UNINITIALIZED_AUTOS = YES_AGGRESSIVE;
				GCC_WARN_UNUSED_FUNCTION = YES;
				GCC_WARN_UNUSED_VARIABLE = YES;
				IPHONEOS_DEPLOYMENT_TARGET = 8.2;
				MTL_ENABLE_DEBUG_INFO = NO;
				SDKROOT = iphoneos;
				TARGETED_DEVICE_FAMILY = "1,2";
				VALIDATE_PRODUCT = YES;
			};
			name = Release;
		};
		FF43F61D1ADE5D3500104E1C /* Debug */ = {
			isa = XCBuildConfiguration;
			buildSettings = {
				ASSETCATALOG_COMPILER_APPICON_NAME = AppIcon;
				INFOPLIST_FILE = asdf/Info.plist;
				LD_RUNPATH_SEARCH_PATHS = "$(inherited) @executable_path/Frameworks";
				PRODUCT_NAME = "$(TARGET_NAME)";
			};
			name = Debug;
		};
		FF43F61E1ADE5D3500104E1C /* Release */ = {
			isa = XCBuildConfiguration;
			buildSettings = {
				ASSETCATALOG_COMPILER_APPICON_NAME = AppIcon;
				INFOPLIST_FILE = asdf/Info.plist;
				LD_RUNPATH_SEARCH_PATHS = "$(inherited) @executable_path/Frameworks";
				PRODUCT_NAME = "$(TARGET_NAME)";
			};
			name = Release;
		};
		FF43F6201ADE5D3500104E1C /* Debug */ = {
			isa = XCBuildConfiguration;
			buildSettings = {
				BUNDLE_LOADER = "$(TEST_HOST)";
				FRAMEWORK_SEARCH_PATHS = (
					"$(SDKROOT)/Developer/Library/Frameworks",
					"$(inherited)",
				);
				GCC_PREPROCESSOR_DEFINITIONS = (
					"DEBUG=1",
					"$(inherited)",
				);
				INFOPLIST_FILE = asdfTests/Info.plist;
				LD_RUNPATH_SEARCH_PATHS = "$(inherited) @executable_path/Frameworks @loader_path/Frameworks";
				PRODUCT_NAME = "$(TARGET_NAME)";
				TEST_HOST = "$(BUILT_PRODUCTS_DIR)/asdf.app/asdf";
			};
			name = Debug;
		};
		FF43F6211ADE5D3500104E1C /* Release */ = {
			isa = XCBuildConfiguration;
			buildSettings = {
				BUNDLE_LOADER = "$(TEST_HOST)";
				FRAMEWORK_SEARCH_PATHS = (
					"$(SDKROOT)/Developer/Library/Frameworks",
					"$(inherited)",
				);
				INFOPLIST_FILE = asdfTests/Info.plist;
				LD_RUNPATH_SEARCH_PATHS = "$(inherited) @executable_path/Frameworks @loader_path/Frameworks";
				PRODUCT_NAME = "$(TARGET_NAME)";
				TEST_HOST = "$(BUILT_PRODUCTS_DIR)/asdf.app/asdf";
			};
			name = Release;
		};
/* End XCBuildConfiguration section */

/* Begin XCConfigurationList section */
		FF43F5F41ADE5D3500104E1C /* Build configuration list for PBXProject "asdf" */ = {
			isa = XCConfigurationList;
			buildConfigurations = (
				FF43F61A1ADE5D3500104E1C /* Debug */,
				FF43F61B1ADE5D3500104E1C /* Release */,
			);
			defaultConfigurationIsVisible = 0;
			defaultConfigurationName = Release;
		};
		FF43F61C1ADE5D3500104E1C /* Build configuration list for PBXNativeTarget "asdf" */ = {
			isa = XCConfigurationList;
			buildConfigurations = (
				FF43F61D1ADE5D3500104E1C /* Debug */,
				FF43F61E1ADE5D3500104E1C /* Release */,
			);
			defaultConfigurationIsVisible = 0;
		};
		FF43F61F1ADE5D3500104E1C /* Build configuration list for PBXNativeTarget "asdfTests" */ = {
			isa = XCConfigurationList;
			buildConfigurations = (
				FF43F6201ADE5D3500104E1C /* Debug */,
				FF43F6211ADE5D3500104E1C /* Release */,
			);
			defaultConfigurationIsVisible = 0;
		};
/* End XCConfigurationList section */
	};
	rootObject = FF43F5F11ADE5D3500104E1C /* Project object */;
}
